
Microsoft Visual Studio Solution File, Format Version 12.00
# Visual Studio Version 17
VisualStudioVersion = 17.4.33122.133
MinimumVisualStudioVersion = 10.0.40219.1
Project("{9A19103F-16F7-4668-BE54-9A1E7A4F7556}") = "DoaseApp.Server", "Server\DoaseApp.Server.csproj", "{83102CDA-D1B8-4015-9500-90EF797FDD98}"
EndProject
Project("{9A19103F-16F7-4668-BE54-9A1E7A4F7556}") = "DoaseApp.Client", "Client\DoaseApp.Client.csproj", "{572E6350-FF9D-4573-B27B-560182C3F7C8}"
EndProject
Project("{9A19103F-16F7-4668-BE54-9A1E7A4F7556}") = "DoaseApp.Shared", "Shared\DoaseApp.Shared.csproj", "{6CFD1ED6-3055-46F2-9EA9-03B6A3D6DA0F}"
EndProject
Global
	GlobalSection(SolutionConfigurationPlatforms) = preSolution
		Debug|Any CPU = Debug|Any CPU
		Release|Any CPU = Release|Any CPU
	EndGlobalSection
	GlobalSection(ProjectConfigurationPlatforms) = postSolution
		{83102CDA-D1B8-4015-9500-90EF797FDD98}.Debug|Any CPU.ActiveCfg = Debug|Any CPU
		{83102CDA-D1B8-4015-9500-90EF797FDD98}.Debug|Any CPU.Build.0 = Debug|Any CPU
		{83102CDA-D1B8-4015-9500-90EF797FDD98}.Release|Any CPU.ActiveCfg = Release|Any CPU
		{83102CDA-D1B8-4015-9500-90EF797FDD98}.Release|Any CPU.Build.0 = Release|Any CPU
		{572E6350-FF9D-4573-B27B-560182C3F7C8}.Debug|Any CPU.ActiveCfg = Debug|Any CPU
		{572E6350-FF9D-4573-B27B-560182C3F7C8}.Debug|Any CPU.Build.0 = Debug|Any CPU
		{572E6350-FF9D-4573-B27B-560182C3F7C8}.Release|Any CPU.ActiveCfg = Release|Any CPU
		{572E6350-FF9D-4573-B27B-560182C3F7C8}.Release|Any CPU.Build.0 = Release|Any CPU
		{6CFD1ED6-3055-46F2-9EA9-03B6A3D6DA0F}.Debug|Any CPU.ActiveCfg = Debug|Any CPU
		{6CFD1ED6-3055-46F2-9EA9-03B6A3D6DA0F}.Debug|Any CPU.Build.0 = Debug|Any CPU
		{6CFD1ED6-3055-46F2-9EA9-03B6A3D6DA0F}.Release|Any CPU.ActiveCfg = Release|Any CPU
		{6CFD1ED6-3055-46F2-9EA9-03B6A3D6DA0F}.Release|Any CPU.Build.0 = Release|Any CPU
	EndGlobalSection
	GlobalSection(SolutionProperties) = preSolution
		HideSolutionNode = FALSE
	EndGlobalSection
	GlobalSection(ExtensibilityGlobals) = postSolution
		SolutionGuid = {C02EF382-3808-4ED5-B114-492B123563C7}
	EndGlobalSection
EndGlobal
